
Microsoft Visual Studio Solution File, Format Version 12.00
# Visual Studio 15
VisualStudioVersion = 15.0.28307.1259
MinimumVisualStudioVersion = 10.0.40219.1
Project("{8BC9CEB8-8B4A-11D0-8D11-00A0C91BC942}") = "strukture2", "strukture2\strukture2.vcxproj", "{CCA272B8-EA9E-412D-B9AA-39A95744B50A}"
EndProject
Global
	GlobalSection(SolutionConfigurationPlatforms) = preSolution
		Debug|x64 = Debug|x64
		Debug|x86 = Debug|x86
		Release|x64 = Release|x64
		Release|x86 = Release|x86
	EndGlobalSection
	GlobalSection(ProjectConfigurationPlatforms) = postSolution
		{CCA272B8-EA9E-412D-B9AA-39A95744B50A}.Debug|x64.ActiveCfg = Debug|x64
		{CCA272B8-EA9E-412D-B9AA-39A95744B50A}.Debug|x64.Build.0 = Debug|x64
		{CCA272B8-EA9E-412D-B9AA-39A95744B50A}.Debug|x86.ActiveCfg = Debug|Win32
		{CCA272B8-EA9E-412D-B9AA-39A95744B50A}.Debug|x86.Build.0 = Debug|Win32
		{CCA272B8-EA9E-412D-B9AA-39A95744B50A}.Release|x64.ActiveCfg = Release|x64
		{CCA272B8-EA9E-412D-B9AA-39A95744B50A}.Release|x64.Build.0 = Release|x64
		{CCA272B8-EA9E-412D-B9AA-39A95744B50A}.Release|x86.ActiveCfg = Release|Win32
		{CCA272B8-EA9E-412D-B9AA-39A95744B50A}.Release|x86.Build.0 = Release|Win32
	EndGlobalSection
	GlobalSection(SolutionProperties) = preSolution
		HideSolutionNode = FALSE
	EndGlobalSection
	GlobalSection(ExtensibilityGlobals) = postSolution
		SolutionGuid = {5D8582E7-C95A-4F16-AEC9-303189052DE7}
	EndGlobalSection
EndGlobal
